
Microsoft Visual Studio Solution File, Format Version 12.00
# Visual Studio Version 16
VisualStudioVersion = 16.0.31402.337
MinimumVisualStudioVersion = 10.0.40219.1
Project("{2150E333-8FDC-42A3-9474-1A3956D46DE8}") = "src", "src", "{7DAF4801-1A01-4F65-A905-1BCDE834308E}"
EndProject
Project("{2150E333-8FDC-42A3-9474-1A3956D46DE8}") = "api", "api", "{E10DD37E-6DA5-42E8-89CA-ABE8CFE4583B}"
EndProject
Project("{2150E333-8FDC-42A3-9474-1A3956D46DE8}") = "common", "common", "{8E47E22A-8768-43B8-AB67-788F938D9618}"
EndProject
Project("{9A19103F-16F7-4668-BE54-9A1E7A4F7556}") = "AKTest.Api", "src\api\AKTest.Api\AKTest.Api.csproj", "{44B72C88-55DE-452C-A461-00588E0FEB7D}"
EndProject
Project("{9A19103F-16F7-4668-BE54-9A1E7A4F7556}") = "AKTest.Model", "src\common\AKTest.Model\AKTest.Model.csproj", "{40866E0D-0174-4EE7-815A-C7AEDDF3BD2F}"
EndProject
Project("{9A19103F-16F7-4668-BE54-9A1E7A4F7556}") = "AKTest.Business", "src\common\AKTest.Business\AKTest.Business.csproj", "{7346A200-8A83-4C19-80CB-01F754299D21}"
EndProject
Project("{9A19103F-16F7-4668-BE54-9A1E7A4F7556}") = "AKTest.Data", "src\common\AKTest.Data\AKTest.Data.csproj", "{D8322364-48AF-4D2F-8799-B82DB693F545}"
EndProject
Project("{9A19103F-16F7-4668-BE54-9A1E7A4F7556}") = "AKTest.Common", "src\common\AKTest.Common\AKTest.Common.csproj", "{29115A0C-FB89-4E68-8313-DAFA3F286B99}"
EndProject
Project("{2150E333-8FDC-42A3-9474-1A3956D46DE8}") = "test", "test", "{542082DF-EEA2-4360-8A79-814E1B4BDB12}"
EndProject
Project("{FAE04EC0-301F-11D3-BF4B-00C04F79EFBC}") = "AKRestApi.Test", "test\AKRestApi.Test\AKRestApi.Test.csproj", "{D22E6E0A-9BA5-4F18-991E-3F180608E949}"
EndProject
Global
	GlobalSection(SolutionConfigurationPlatforms) = preSolution
		Debug|Any CPU = Debug|Any CPU
		Release|Any CPU = Release|Any CPU
	EndGlobalSection
	GlobalSection(ProjectConfigurationPlatforms) = postSolution
		{44B72C88-55DE-452C-A461-00588E0FEB7D}.Debug|Any CPU.ActiveCfg = Debug|Any CPU
		{44B72C88-55DE-452C-A461-00588E0FEB7D}.Debug|Any CPU.Build.0 = Debug|Any CPU
		{44B72C88-55DE-452C-A461-00588E0FEB7D}.Release|Any CPU.ActiveCfg = Release|Any CPU
		{44B72C88-55DE-452C-A461-00588E0FEB7D}.Release|Any CPU.Build.0 = Release|Any CPU
		{40866E0D-0174-4EE7-815A-C7AEDDF3BD2F}.Debug|Any CPU.ActiveCfg = Debug|Any CPU
		{40866E0D-0174-4EE7-815A-C7AEDDF3BD2F}.Debug|Any CPU.Build.0 = Debug|Any CPU
		{40866E0D-0174-4EE7-815A-C7AEDDF3BD2F}.Release|Any CPU.ActiveCfg = Release|Any CPU
		{40866E0D-0174-4EE7-815A-C7AEDDF3BD2F}.Release|Any CPU.Build.0 = Release|Any CPU
		{7346A200-8A83-4C19-80CB-01F754299D21}.Debug|Any CPU.ActiveCfg = Debug|Any CPU
		{7346A200-8A83-4C19-80CB-01F754299D21}.Debug|Any CPU.Build.0 = Debug|Any CPU
		{7346A200-8A83-4C19-80CB-01F754299D21}.Release|Any CPU.ActiveCfg = Release|Any CPU
		{7346A200-8A83-4C19-80CB-01F754299D21}.Release|Any CPU.Build.0 = Release|Any CPU
		{D8322364-48AF-4D2F-8799-B82DB693F545}.Debug|Any CPU.ActiveCfg = Debug|Any CPU
		{D8322364-48AF-4D2F-8799-B82DB693F545}.Debug|Any CPU.Build.0 = Debug|Any CPU
		{D8322364-48AF-4D2F-8799-B82DB693F545}.Release|Any CPU.ActiveCfg = Release|Any CPU
		{D8322364-48AF-4D2F-8799-B82DB693F545}.Release|Any CPU.Build.0 = Release|Any CPU
		{29115A0C-FB89-4E68-8313-DAFA3F286B99}.Debug|Any CPU.ActiveCfg = Debug|Any CPU
		{29115A0C-FB89-4E68-8313-DAFA3F286B99}.Debug|Any CPU.Build.0 = Debug|Any CPU
		{29115A0C-FB89-4E68-8313-DAFA3F286B99}.Release|Any CPU.ActiveCfg = Release|Any CPU
		{29115A0C-FB89-4E68-8313-DAFA3F286B99}.Release|Any CPU.Build.0 = Release|Any CPU
		{D22E6E0A-9BA5-4F18-991E-3F180608E949}.Debug|Any CPU.ActiveCfg = Debug|Any CPU
		{D22E6E0A-9BA5-4F18-991E-3F180608E949}.Debug|Any CPU.Build.0 = Debug|Any CPU
		{D22E6E0A-9BA5-4F18-991E-3F180608E949}.Release|Any CPU.ActiveCfg = Release|Any CPU
		{D22E6E0A-9BA5-4F18-991E-3F180608E949}.Release|Any CPU.Build.0 = Release|Any CPU
	EndGlobalSection
	GlobalSection(SolutionProperties) = preSolution
		HideSolutionNode = FALSE
	EndGlobalSection
	GlobalSection(NestedProjects) = preSolution
		{E10DD37E-6DA5-42E8-89CA-ABE8CFE4583B} = {7DAF4801-1A01-4F65-A905-1BCDE834308E}
		{8E47E22A-8768-43B8-AB67-788F938D9618} = {7DAF4801-1A01-4F65-A905-1BCDE834308E}
		{44B72C88-55DE-452C-A461-00588E0FEB7D} = {E10DD37E-6DA5-42E8-89CA-ABE8CFE4583B}
		{40866E0D-0174-4EE7-815A-C7AEDDF3BD2F} = {8E47E22A-8768-43B8-AB67-788F938D9618}
		{7346A200-8A83-4C19-80CB-01F754299D21} = {8E47E22A-8768-43B8-AB67-788F938D9618}
		{D8322364-48AF-4D2F-8799-B82DB693F545} = {8E47E22A-8768-43B8-AB67-788F938D9618}
		{29115A0C-FB89-4E68-8313-DAFA3F286B99} = {8E47E22A-8768-43B8-AB67-788F938D9618}
		{D22E6E0A-9BA5-4F18-991E-3F180608E949} = {542082DF-EEA2-4360-8A79-814E1B4BDB12}
	EndGlobalSection
	GlobalSection(ExtensibilityGlobals) = postSolution
		SolutionGuid = {864BAA09-7B9A-4EAE-B0EF-D7418B2801D1}
	EndGlobalSection
EndGlobal
